
Microsoft Visual Studio Solution File, Format Version 12.00
# Visual Studio 15
VisualStudioVersion = 15.0.27004.2002
MinimumVisualStudioVersion = 10.0.40219.1
Project("{FAE04EC0-301F-11D3-BF4B-00C04F79EFBC}") = "HOTS_Scoreboard_Tool", "HOTS_Scoreboard_Tool\HOTS_Scoreboard_Tool.csproj", "{EECBC513-4129-41DB-82D3-2D79AC060943}"
EndProject
Global
	GlobalSection(SolutionConfigurationPlatforms) = preSolution
		Debug|Any CPU = Debug|Any CPU
		Release|Any CPU = Release|Any CPU
	EndGlobalSection
	GlobalSection(ProjectConfigurationPlatforms) = postSolution
		{EECBC513-4129-41DB-82D3-2D79AC060943}.Debug|Any CPU.ActiveCfg = Debug|Any CPU
		{EECBC513-4129-41DB-82D3-2D79AC060943}.Debug|Any CPU.Build.0 = Debug|Any CPU
		{EECBC513-4129-41DB-82D3-2D79AC060943}.Release|Any CPU.ActiveCfg = Release|Any CPU
		{EECBC513-4129-41DB-82D3-2D79AC060943}.Release|Any CPU.Build.0 = Release|Any CPU
	EndGlobalSection
	GlobalSection(SolutionProperties) = preSolution
		HideSolutionNode = FALSE
	EndGlobalSection
	GlobalSection(ExtensibilityGlobals) = postSolution
		SolutionGuid = {165653B8-2915-4A57-A556-C53455C154F2}
	EndGlobalSection
EndGlobal
